
Microsoft Visual Studio Solution File, Format Version 12.00
# Visual Studio Version 17
VisualStudioVersion = 17.1.32319.34
MinimumVisualStudioVersion = 10.0.40219.1
Project("{FAE04EC0-301F-11D3-BF4B-00C04F79EFBC}") = "MTCRUD", "MTCRUD.csproj", "{3C1E30CD-6A19-4AD0-BA3A-7CA55906935C}"
EndProject
Global
	GlobalSection(SolutionConfigurationPlatforms) = preSolution
		Debug|Any CPU = Debug|Any CPU
		Release|Any CPU = Release|Any CPU
	EndGlobalSection
	GlobalSection(ProjectConfigurationPlatforms) = postSolution
		{3C1E30CD-6A19-4AD0-BA3A-7CA55906935C}.Debug|Any CPU.ActiveCfg = Debug|Any CPU
		{3C1E30CD-6A19-4AD0-BA3A-7CA55906935C}.Debug|Any CPU.Build.0 = Debug|Any CPU
		{3C1E30CD-6A19-4AD0-BA3A-7CA55906935C}.Release|Any CPU.ActiveCfg = Release|Any CPU
		{3C1E30CD-6A19-4AD0-BA3A-7CA55906935C}.Release|Any CPU.Build.0 = Release|Any CPU
	EndGlobalSection
	GlobalSection(SolutionProperties) = preSolution
		HideSolutionNode = FALSE
	EndGlobalSection
	GlobalSection(ExtensibilityGlobals) = postSolution
		SolutionGuid = {F4E87311-AE83-450D-A196-7E3A387056BF}
	EndGlobalSection
EndGlobal
